// !$*UTF8*$!
{
	archiveVersion = 1;
	classes = {
	};
	objectVersion = 56;
	objects = {

/* Begin PBXBuildFile section */
		DD16231F2A987283000FA188 /* SampleAnimationViewController.swift in Sources */ = {isa = PBXBuildFile; fileRef = DD16231E2A987283000FA188 /* SampleAnimationViewController.swift */; };
		DD1623212A9872A9000FA188 /* SampleAnimationViewController.storyboard in Resources */ = {isa = PBXBuildFile; fileRef = DD1623202A9872A9000FA188 /* SampleAnimationViewController.storyboard */; };
		DD1623232A9876B6000FA188 /* TestViewController.swift in Sources */ = {isa = PBXBuildFile; fileRef = DD1623222A9876B6000FA188 /* TestViewController.swift */; };
		DD1623272A987758000FA188 /* TestViewController.storyboard in Resources */ = {isa = PBXBuildFile; fileRef = DD1623262A987758000FA188 /* TestViewController.storyboard */; };
		DD1623292A987CAB000FA188 /* CounterViewController.swift in Sources */ = {isa = PBXBuildFile; fileRef = DD1623282A987CAB000FA188 /* CounterViewController.swift */; };
		DD16232B2A987CB7000FA188 /* CounterViewController.storyboard in Resources */ = {isa = PBXBuildFile; fileRef = DD16232A2A987CB7000FA188 /* CounterViewController.storyboard */; };
		DD16232D2AA05846000FA188 /* WhiteViewController.swift in Sources */ = {isa = PBXBuildFile; fileRef = DD16232C2AA05846000FA188 /* WhiteViewController.swift */; };
		DD16232F2AA05863000FA188 /* WhiteViewController.storyboard in Resources */ = {isa = PBXBuildFile; fileRef = DD16232E2AA05863000FA188 /* WhiteViewController.storyboard */; };
		DD1623312AA075C4000FA188 /* HorizontalPageViewController.storyboard in Resources */ = {isa = PBXBuildFile; fileRef = DD1623302AA075C4000FA188 /* HorizontalPageViewController.storyboard */; };
		DD1623332AA075CB000FA188 /* HorizontalPageViewController.swift in Sources */ = {isa = PBXBuildFile; fileRef = DD1623322AA075CB000FA188 /* HorizontalPageViewController.swift */; };
		DD1623352AA55DB7000FA188 /* FeasibilityViewController.swift in Sources */ = {isa = PBXBuildFile; fileRef = DD1623342AA55DB7000FA188 /* FeasibilityViewController.swift */; };
		DD1623372AA55DC0000FA188 /* FeasibilityViewController.storyboard in Resources */ = {isa = PBXBuildFile; fileRef = DD1623362AA55DC0000FA188 /* FeasibilityViewController.storyboard */; };
		DD884B212A45698C00B70487 /* AppDelegate.swift in Sources */ = {isa = PBXBuildFile; fileRef = DD884B202A45698C00B70487 /* AppDelegate.swift */; };
		DD884B232A45698C00B70487 /* SceneDelegate.swift in Sources */ = {isa = PBXBuildFile; fileRef = DD884B222A45698C00B70487 /* SceneDelegate.swift */; };
		DD884B252A45698C00B70487 /* MainViewController.swift in Sources */ = {isa = PBXBuildFile; fileRef = DD884B242A45698C00B70487 /* MainViewController.swift */; };
		DD884B282A45698C00B70487 /* MainViewController.storyboard in Resources */ = {isa = PBXBuildFile; fileRef = DD884B262A45698C00B70487 /* MainViewController.storyboard */; };
		DD884B2A2A45698D00B70487 /* Assets.xcassets in Resources */ = {isa = PBXBuildFile; fileRef = DD884B292A45698D00B70487 /* Assets.xcassets */; };
		DD884B2D2A45698D00B70487 /* LaunchScreen.storyboard in Resources */ = {isa = PBXBuildFile; fileRef = DD884B2B2A45698D00B70487 /* LaunchScreen.storyboard */; };
/* End PBXBuildFile section */

/* Begin PBXFileReference section */
		DD16231E2A987283000FA188 /* SampleAnimationViewController.swift */ = {isa = PBXFileReference; lastKnownFileType = sourcecode.swift; path = SampleAnimationViewController.swift; sourceTree = "<group>"; };
		DD1623202A9872A9000FA188 /* SampleAnimationViewController.storyboard */ = {isa = PBXFileReference; lastKnownFileType = file.storyboard; path = SampleAnimationViewController.storyboard; sourceTree = "<group>"; };
		DD1623222A9876B6000FA188 /* TestViewController.swift */ = {isa = PBXFileReference; lastKnownFileType = sourcecode.swift; path = TestViewController.swift; sourceTree = "<group>"; };
		DD1623262A987758000FA188 /* TestViewController.storyboard */ = {isa = PBXFileReference; lastKnownFileType = file.storyboard; path = TestViewController.storyboard; sourceTree = "<group>"; };
		DD1623282A987CAB000FA188 /* CounterViewController.swift */ = {isa = PBXFileReference; lastKnownFileType = sourcecode.swift; path = CounterViewController.swift; sourceTree = "<group>"; };
		DD16232A2A987CB7000FA188 /* CounterViewController.storyboard */ = {isa = PBXFileReference; lastKnownFileType = file.storyboard; path = CounterViewController.storyboard; sourceTree = "<group>"; };
		DD16232C2AA05846000FA188 /* WhiteViewController.swift */ = {isa = PBXFileReference; lastKnownFileType = sourcecode.swift; path = WhiteViewController.swift; sourceTree = "<group>"; };
		DD16232E2AA05863000FA188 /* WhiteViewController.storyboard */ = {isa = PBXFileReference; lastKnownFileType = file.storyboard; path = WhiteViewController.storyboard; sourceTree = "<group>"; };
		DD1623302AA075C4000FA188 /* HorizontalPageViewController.storyboard */ = {isa = PBXFileReference; lastKnownFileType = file.storyboard; path = HorizontalPageViewController.storyboard; sourceTree = "<group>"; };
		DD1623322AA075CB000FA188 /* HorizontalPageViewController.swift */ = {isa = PBXFileReference; lastKnownFileType = sourcecode.swift; path = HorizontalPageViewController.swift; sourceTree = "<group>"; };
		DD1623342AA55DB7000FA188 /* FeasibilityViewController.swift */ = {isa = PBXFileReference; lastKnownFileType = sourcecode.swift; path = FeasibilityViewController.swift; sourceTree = "<group>"; };
		DD1623362AA55DC0000FA188 /* FeasibilityViewController.storyboard */ = {isa = PBXFileReference; lastKnownFileType = file.storyboard; path = FeasibilityViewController.storyboard; sourceTree = "<group>"; };
		DD1623382AA55F39000FA188 /* SampleUIKit.entitlements */ = {isa = PBXFileReference; lastKnownFileType = text.plist.entitlements; path = SampleUIKit.entitlements; sourceTree = "<group>"; };
		DD884B1D2A45698C00B70487 /* SampleUIKit.app */ = {isa = PBXFileReference; explicitFileType = wrapper.application; includeInIndex = 0; path = SampleUIKit.app; sourceTree = BUILT_PRODUCTS_DIR; };
		DD884B202A45698C00B70487 /* AppDelegate.swift */ = {isa = PBXFileReference; lastKnownFileType = sourcecode.swift; path = AppDelegate.swift; sourceTree = "<group>"; };
		DD884B222A45698C00B70487 /* SceneDelegate.swift */ = {isa = PBXFileReference; lastKnownFileType = sourcecode.swift; path = SceneDelegate.swift; sourceTree = "<group>"; };
		DD884B242A45698C00B70487 /* MainViewController.swift */ = {isa = PBXFileReference; lastKnownFileType = sourcecode.swift; path = MainViewController.swift; sourceTree = "<group>"; };
		DD884B272A45698C00B70487 /* Base */ = {isa = PBXFileReference; lastKnownFileType = file.storyboard; name = Base; path = Base.lproj/MainViewController.storyboard; sourceTree = "<group>"; };
		DD884B292A45698D00B70487 /* Assets.xcassets */ = {isa = PBXFileReference; lastKnownFileType = folder.assetcatalog; path = Assets.xcassets; sourceTree = "<group>"; };
		DD884B2C2A45698D00B70487 /* Base */ = {isa = PBXFileReference; lastKnownFileType = file.storyboard; name = Base; path = Base.lproj/LaunchScreen.storyboard; sourceTree = "<group>"; };
		DD884B2E2A45698D00B70487 /* Info.plist */ = {isa = PBXFileReference; lastKnownFileType = text.plist.xml; path = Info.plist; sourceTree = "<group>"; };
/* End PBXFileReference section */

/* Begin PBXFrameworksBuildPhase section */
		DD884B1A2A45698C00B70487 /* Frameworks */ = {
			isa = PBXFrameworksBuildPhase;
			buildActionMask = 2147483647;
			files = (
			);
			runOnlyForDeploymentPostprocessing = 0;
		};
/* End PBXFrameworksBuildPhase section */

/* Begin PBXGroup section */
		DD16231C2A9857AB000FA188 /* ViewController */ = {
			isa = PBXGroup;
			children = (
				DD884B242A45698C00B70487 /* MainViewController.swift */,
				DD1623222A9876B6000FA188 /* TestViewController.swift */,
				DD16231E2A987283000FA188 /* SampleAnimationViewController.swift */,
				DD1623282A987CAB000FA188 /* CounterViewController.swift */,
				DD16232C2AA05846000FA188 /* WhiteViewController.swift */,
				DD1623322AA075CB000FA188 /* HorizontalPageViewController.swift */,
				DD1623342AA55DB7000FA188 /* FeasibilityViewController.swift */,
			);
			path = ViewController;
			sourceTree = "<group>";
		};
		DD16231D2A9857B7000FA188 /* Resource */ = {
			isa = PBXGroup;
			children = (
				DD884B292A45698D00B70487 /* Assets.xcassets */,
				DD884B2B2A45698D00B70487 /* LaunchScreen.storyboard */,
				DD884B262A45698C00B70487 /* MainViewController.storyboard */,
				DD1623262A987758000FA188 /* TestViewController.storyboard */,
				DD1623202A9872A9000FA188 /* SampleAnimationViewController.storyboard */,
				DD16232A2A987CB7000FA188 /* CounterViewController.storyboard */,
				DD16232E2AA05863000FA188 /* WhiteViewController.storyboard */,
				DD1623302AA075C4000FA188 /* HorizontalPageViewController.storyboard */,
				DD1623362AA55DC0000FA188 /* FeasibilityViewController.storyboard */,
			);
			path = Resource;
			sourceTree = "<group>";
		};
		DD884B142A45698C00B70487 = {
			isa = PBXGroup;
			children = (
				DD884B1F2A45698C00B70487 /* SampleUIKit */,
				DD884B1E2A45698C00B70487 /* Products */,
			);
			sourceTree = "<group>";
		};
		DD884B1E2A45698C00B70487 /* Products */ = {
			isa = PBXGroup;
			children = (
				DD884B1D2A45698C00B70487 /* SampleUIKit.app */,
			);
			name = Products;
			sourceTree = "<group>";
		};
		DD884B1F2A45698C00B70487 /* SampleUIKit */ = {
			isa = PBXGroup;
			children = (
				DD1623382AA55F39000FA188 /* SampleUIKit.entitlements */,
				DD884B2E2A45698D00B70487 /* Info.plist */,
				DD884B202A45698C00B70487 /* AppDelegate.swift */,
				DD884B222A45698C00B70487 /* SceneDelegate.swift */,
				DD16231C2A9857AB000FA188 /* ViewController */,
				DD16231D2A9857B7000FA188 /* Resource */,
			);
			path = SampleUIKit;
			sourceTree = "<group>";
		};
/* End PBXGroup section */

/* Begin PBXNativeTarget section */
		DD884B1C2A45698C00B70487 /* SampleUIKit */ = {
			isa = PBXNativeTarget;
			buildConfigurationList = DD884B312A45698D00B70487 /* Build configuration list for PBXNativeTarget "SampleUIKit" */;
			buildPhases = (
				DD884B192A45698C00B70487 /* Sources */,
				DD884B1A2A45698C00B70487 /* Frameworks */,
				DD884B1B2A45698C00B70487 /* Resources */,
			);
			buildRules = (
			);
			dependencies = (
			);
			name = SampleUIKit;
			productName = SampleUIKit;
			productReference = DD884B1D2A45698C00B70487 /* SampleUIKit.app */;
			productType = "com.apple.product-type.application";
		};
/* End PBXNativeTarget section */

/* Begin PBXProject section */
		DD884B152A45698C00B70487 /* Project object */ = {
			isa = PBXProject;
			attributes = {
				BuildIndependentTargetsInParallel = 1;
				LastSwiftUpdateCheck = 1500;
				LastUpgradeCheck = 1500;
				TargetAttributes = {
					DD884B1C2A45698C00B70487 = {
						CreatedOnToolsVersion = 15.0;
					};
				};
			};
			buildConfigurationList = DD884B182A45698C00B70487 /* Build configuration list for PBXProject "SampleUIKit" */;
			compatibilityVersion = "Xcode 14.0";
			developmentRegion = en;
			hasScannedForEncodings = 0;
			knownRegions = (
				en,
				Base,
			);
			mainGroup = DD884B142A45698C00B70487;
			productRefGroup = DD884B1E2A45698C00B70487 /* Products */;
			projectDirPath = "";
			projectRoot = "";
			targets = (
				DD884B1C2A45698C00B70487 /* SampleUIKit */,
			);
		};
/* End PBXProject section */

/* Begin PBXResourcesBuildPhase section */
		DD884B1B2A45698C00B70487 /* Resources */ = {
			isa = PBXResourcesBuildPhase;
			buildActionMask = 2147483647;
			files = (
				DD1623212A9872A9000FA188 /* SampleAnimationViewController.storyboard in Resources */,
				DD1623372AA55DC0000FA188 /* FeasibilityViewController.storyboard in Resources */,
				DD884B2D2A45698D00B70487 /* LaunchScreen.storyboard in Resources */,
				DD16232F2AA05863000FA188 /* WhiteViewController.storyboard in Resources */,
				DD16232B2A987CB7000FA188 /* CounterViewController.storyboard in Resources */,
				DD1623312AA075C4000FA188 /* HorizontalPageViewController.storyboard in Resources */,
				DD884B2A2A45698D00B70487 /* Assets.xcassets in Resources */,
				DD1623272A987758000FA188 /* TestViewController.storyboard in Resources */,
				DD884B282A45698C00B70487 /* MainViewController.storyboard in Resources */,
			);
			runOnlyForDeploymentPostprocessing = 0;
		};
/* End PBXResourcesBuildPhase section */

/* Begin PBXSourcesBuildPhase section */
		DD884B192A45698C00B70487 /* Sources */ = {
			isa = PBXSourcesBuildPhase;
			buildActionMask = 2147483647;
			files = (
				DD1623232A9876B6000FA188 /* TestViewController.swift in Sources */,
				DD1623352AA55DB7000FA188 /* FeasibilityViewController.swift in Sources */,
				DD16232D2AA05846000FA188 /* WhiteViewController.swift in Sources */,
				DD884B252A45698C00B70487 /* MainViewController.swift in Sources */,
				DD884B212A45698C00B70487 /* AppDelegate.swift in Sources */,
				DD1623292A987CAB000FA188 /* CounterViewController.swift in Sources */,
				DD884B232A45698C00B70487 /* SceneDelegate.swift in Sources */,
				DD16231F2A987283000FA188 /* SampleAnimationViewController.swift in Sources */,
				DD1623332AA075CB000FA188 /* HorizontalPageViewController.swift in Sources */,
			);
			runOnlyForDeploymentPostprocessing = 0;
		};
/* End PBXSourcesBuildPhase section */

/* Begin PBXVariantGroup section */
		DD884B262A45698C00B70487 /* MainViewController.storyboard */ = {
			isa = PBXVariantGroup;
			children = (
				DD884B272A45698C00B70487 /* Base */,
			);
			name = MainViewController.storyboard;
			sourceTree = "<group>";
		};
		DD884B2B2A45698D00B70487 /* LaunchScreen.storyboard */ = {
			isa = PBXVariantGroup;
			children = (
				DD884B2C2A45698D00B70487 /* Base */,
			);
			name = LaunchScreen.storyboard;
			sourceTree = "<group>";
		};
/* End PBXVariantGroup section */

/* Begin XCBuildConfiguration section */
		DD884B2F2A45698D00B70487 /* Debug */ = {
			isa = XCBuildConfiguration;
			buildSettings = {
				ALWAYS_SEARCH_USER_PATHS = NO;
				ASSETCATALOG_COMPILER_GENERATE_SWIFT_ASSET_SYMBOL_EXTENSIONS = YES;
				CLANG_ANALYZER_NONNULL = YES;
				CLANG_ANALYZER_NUMBER_OBJECT_CONVERSION = YES_AGGRESSIVE;
				CLANG_CXX_LANGUAGE_STANDARD = "gnu++20";
				CLANG_ENABLE_MODULES = YES;
				CLANG_ENABLE_OBJC_ARC = YES;
				CLANG_ENABLE_OBJC_WEAK = YES;
				CLANG_WARN_BLOCK_CAPTURE_AUTORELEASING = YES;
				CLANG_WARN_BOOL_CONVERSION = YES;
				CLANG_WARN_COMMA = YES;
				CLANG_WARN_CONSTANT_CONVERSION = YES;
				CLANG_WARN_DEPRECATED_OBJC_IMPLEMENTATIONS = YES;
				CLANG_WARN_DIRECT_OBJC_ISA_USAGE = YES_ERROR;
				CLANG_WARN_DOCUMENTATION_COMMENTS = YES;
				CLANG_WARN_EMPTY_BODY = YES;
				CLANG_WARN_ENUM_CONVERSION = YES;
				CLANG_WARN_INFINITE_RECURSION = YES;
				CLANG_WARN_INT_CONVERSION = YES;
				CLANG_WARN_NON_LITERAL_NULL_CONVERSION = YES;
				CLANG_WARN_OBJC_IMPLICIT_RETAIN_SELF = YES;
				CLANG_WARN_OBJC_LITERAL_CONVERSION = YES;
				CLANG_WARN_OBJC_ROOT_CLASS = YES_ERROR;
				CLANG_WARN_QUOTED_INCLUDE_IN_FRAMEWORK_HEADER = YES;
				CLANG_WARN_RANGE_LOOP_ANALYSIS = YES;
				CLANG_WARN_STRICT_PROTOTYPES = YES;
				CLANG_WARN_SUSPICIOUS_MOVE = YES;
				CLANG_WARN_UNGUARDED_AVAILABILITY = YES_AGGRESSIVE;
				CLANG_WARN_UNREACHABLE_CODE = YES;
				CLANG_WARN__DUPLICATE_METHOD_MATCH = YES;
				COPY_PHASE_STRIP = NO;
				DEBUG_INFORMATION_FORMAT = dwarf;
				ENABLE_STRICT_OBJC_MSGSEND = YES;
				ENABLE_TESTABILITY = YES;
				ENABLE_USER_SCRIPT_SANDBOXING = YES;
				GCC_C_LANGUAGE_STANDARD = gnu17;
				GCC_DYNAMIC_NO_PIC = NO;
				GCC_NO_COMMON_BLOCKS = YES;
				GCC_OPTIMIZATION_LEVEL = 0;
				GCC_PREPROCESSOR_DEFINITIONS = (
					"DEBUG=1",
					"$(inherited)",
				);
				GCC_WARN_64_TO_32_BIT_CONVERSION = YES;
				GCC_WARN_ABOUT_RETURN_TYPE = YES_ERROR;
				GCC_WARN_UNDECLARED_SELECTOR = YES;
				GCC_WARN_UNINITIALIZED_AUTOS = YES_AGGRESSIVE;
				GCC_WARN_UNUSED_FUNCTION = YES;
				GCC_WARN_UNUSED_VARIABLE = YES;
				IPHONEOS_DEPLOYMENT_TARGET = 17.0;
				LOCALIZATION_PREFERS_STRING_CATALOGS = YES;
				MTL_ENABLE_DEBUG_INFO = INCLUDE_SOURCE;
				MTL_FAST_MATH = YES;
				ONLY_ACTIVE_ARCH = YES;
				SDKROOT = iphoneos;
				SWIFT_ACTIVE_COMPILATION_CONDITIONS = "DEBUG $(inherited)";
				SWIFT_OPTIMIZATION_LEVEL = "-Onone";
			};
			name = Debug;
		};
		DD884B302A45698D00B70487 /* Release */ = {
			isa = XCBuildConfiguration;
			buildSettings = {
				ALWAYS_SEARCH_USER_PATHS = NO;
				ASSETCATALOG_COMPILER_GENERATE_SWIFT_ASSET_SYMBOL_EXTENSIONS = YES;
				CLANG_ANALYZER_NONNULL = YES;
				CLANG_ANALYZER_NUMBER_OBJECT_CONVERSION = YES_AGGRESSIVE;
				CLANG_CXX_LANGUAGE_STANDARD = "gnu++20";
				CLANG_ENABLE_MODULES = YES;
				CLANG_ENABLE_OBJC_ARC = YES;
				CLANG_ENABLE_OBJC_WEAK = YES;
				CLANG_WARN_BLOCK_CAPTURE_AUTORELEASING = YES;
				CLANG_WARN_BOOL_CONVERSION = YES;
				CLANG_WARN_COMMA = YES;
				CLANG_WARN_CONSTANT_CONVERSION = YES;
				CLANG_WARN_DEPRECATED_OBJC_IMPLEMENTATIONS = YES;
				CLANG_WARN_DIRECT_OBJC_ISA_USAGE = YES_ERROR;
				CLANG_WARN_DOCUMENTATION_COMMENTS = YES;
				CLANG_WARN_EMPTY_BODY = YES;
				CLANG_WARN_ENUM_CONVERSION = YES;
				CLANG_WARN_INFINITE_RECURSION = YES;
				CLANG_WARN_INT_CONVERSION = YES;
				CLANG_WARN_NON_LITERAL_NULL_CONVERSION = YES;
				CLANG_WARN_OBJC_IMPLICIT_RETAIN_SELF = YES;
				CLANG_WARN_OBJC_LITERAL_CONVERSION = YES;
				CLANG_WARN_OBJC_ROOT_CLASS = YES_ERROR;
				CLANG_WARN_QUOTED_INCLUDE_IN_FRAMEWORK_HEADER = YES;
				CLANG_WARN_RANGE_LOOP_ANALYSIS = YES;
				CLANG_WARN_STRICT_PROTOTYPES = YES;
				CLANG_WARN_SUSPICIOUS_MOVE = YES;
				CLANG_WARN_UNGUARDED_AVAILABILITY = YES_AGGRESSIVE;
				CLANG_WARN_UNREACHABLE_CODE = YES;
				CLANG_WARN__DUPLICATE_METHOD_MATCH = YES;
				COPY_PHASE_STRIP = NO;
				DEBUG_INFORMATION_FORMAT = "dwarf-with-dsym";
				ENABLE_NS_ASSERTIONS = NO;
				ENABLE_STRICT_OBJC_MSGSEND = YES;
				ENABLE_USER_SCRIPT_SANDBOXING = YES;
				GCC_C_LANGUAGE_STANDARD = gnu17;
				GCC_NO_COMMON_BLOCKS = YES;
				GCC_WARN_64_TO_32_BIT_CONVERSION = YES;
				GCC_WARN_ABOUT_RETURN_TYPE = YES_ERROR;
				GCC_WARN_UNDECLARED_SELECTOR = YES;
				GCC_WARN_UNINITIALIZED_AUTOS = YES_AGGRESSIVE;
				GCC_WARN_UNUSED_FUNCTION = YES;
				GCC_WARN_UNUSED_VARIABLE = YES;
				IPHONEOS_DEPLOYMENT_TARGET = 17.0;
				LOCALIZATION_PREFERS_STRING_CATALOGS = YES;
				MTL_ENABLE_DEBUG_INFO = NO;
				MTL_FAST_MATH = YES;
				SDKROOT = iphoneos;
				SWIFT_COMPILATION_MODE = wholemodule;
				VALIDATE_PRODUCT = YES;
			};
			name = Release;
		};
		DD884B322A45698D00B70487 /* Debug */ = {
			isa = XCBuildConfiguration;
			buildSettings = {
				ASSETCATALOG_COMPILER_APPICON_NAME = AppIcon;
				ASSETCATALOG_COMPILER_GLOBAL_ACCENT_COLOR_NAME = AccentColor;
				CODE_SIGN_ENTITLEMENTS = SampleUIKit/SampleUIKit.entitlements;
				CODE_SIGN_STYLE = Automatic;
				CURRENT_PROJECT_VERSION = 1;
				DEVELOPMENT_TEAM = 98UFL8A7L4;
				GENERATE_INFOPLIST_FILE = YES;
				INFOPLIST_FILE = SampleUIKit/Info.plist;
				INFOPLIST_KEY_UIApplicationSupportsIndirectInputEvents = YES;
				INFOPLIST_KEY_UILaunchStoryboardName = LaunchScreen;
				INFOPLIST_KEY_UIMainStoryboardFile = MainViewController;
				INFOPLIST_KEY_UISupportedInterfaceOrientations_iPad = "UIInterfaceOrientationPortrait UIInterfaceOrientationPortraitUpsideDown UIInterfaceOrientationLandscapeLeft UIInterfaceOrientationLandscapeRight";
				INFOPLIST_KEY_UISupportedInterfaceOrientations_iPhone = "UIInterfaceOrientationPortrait UIInterfaceOrientationLandscapeLeft UIInterfaceOrientationLandscapeRight";
				IPHONEOS_DEPLOYMENT_TARGET = 16.0;
				LD_RUNPATH_SEARCH_PATHS = (
					"$(inherited)",
					"@executable_path/Frameworks",
				);
				MARKETING_VERSION = 1.0;
				PRODUCT_BUNDLE_IDENTIFIER = com.fuwamaki.SampleUIKit;
				PRODUCT_NAME = "$(TARGET_NAME)";
				SWIFT_EMIT_LOC_STRINGS = YES;
				SWIFT_VERSION = 5.0;
				TARGETED_DEVICE_FAMILY = "1,2";
			};
			name = Debug;
		};
		DD884B332A45698D00B70487 /* Release */ = {
			isa = XCBuildConfiguration;
			buildSettings = {
				ASSETCATALOG_COMPILER_APPICON_NAME = AppIcon;
				ASSETCATALOG_COMPILER_GLOBAL_ACCENT_COLOR_NAME = AccentColor;
				CODE_SIGN_ENTITLEMENTS = SampleUIKit/SampleUIKit.entitlements;
				CODE_SIGN_STYLE = Automatic;
				CURRENT_PROJECT_VERSION = 1;
				DEVELOPMENT_TEAM = 98UFL8A7L4;
				GENERATE_INFOPLIST_FILE = YES;
				INFOPLIST_FILE = SampleUIKit/Info.plist;
				INFOPLIST_KEY_UIApplicationSupportsIndirectInputEvents = YES;
				INFOPLIST_KEY_UILaunchStoryboardName = LaunchScreen;
				INFOPLIST_KEY_UIMainStoryboardFile = MainViewController;
				INFOPLIST_KEY_UISupportedInterfaceOrientations_iPad = "UIInterfaceOrientationPortrait UIInterfaceOrientationPortraitUpsideDown UIInterfaceOrientationLandscapeLeft UIInterfaceOrientationLandscapeRight";
				INFOPLIST_KEY_UISupportedInterfaceOrientations_iPhone = "UIInterfaceOrientationPortrait UIInterfaceOrientationLandscapeLeft UIInterfaceOrientationLandscapeRight";
				IPHONEOS_DEPLOYMENT_TARGET = 16.0;
				LD_RUNPATH_SEARCH_PATHS = (
					"$(inherited)",
					"@executable_path/Frameworks",
				);
				MARKETING_VERSION = 1.0;
				PRODUCT_BUNDLE_IDENTIFIER = com.fuwamaki.SampleUIKit;
				PRODUCT_NAME = "$(TARGET_NAME)";
				SWIFT_EMIT_LOC_STRINGS = YES;
				SWIFT_VERSION = 5.0;
				TARGETED_DEVICE_FAMILY = "1,2";
			};
			name = Release;
		};
/* End XCBuildConfiguration section */

/* Begin XCConfigurationList section */
		DD884B182A45698C00B70487 /* Build configuration list for PBXProject "SampleUIKit" */ = {
			isa = XCConfigurationList;
			buildConfigurations = (
				DD884B2F2A45698D00B70487 /* Debug */,
				DD884B302A45698D00B70487 /* Release */,
			);
			defaultConfigurationIsVisible = 0;
			defaultConfigurationName = Release;
		};
		DD884B312A45698D00B70487 /* Build configuration list for PBXNativeTarget "SampleUIKit" */ = {
			isa = XCConfigurationList;
			buildConfigurations = (
				DD884B322A45698D00B70487 /* Debug */,
				DD884B332A45698D00B70487 /* Release */,
			);
			defaultConfigurationIsVisible = 0;
			defaultConfigurationName = Release;
		};
/* End XCConfigurationList section */
	};
	rootObject = DD884B152A45698C00B70487 /* Project object */;
}
